<?xml version="1.0" encoding="UTF-8" standalone="yes" ?>
<CodeBlocks_project_file>
	<FileVersion major="1" minor="6" />
	<Project>
		<Option title="stardome" />
		<Option makefile_is_custom="1" />
		<Option pch_mode="2" />
		<Option compiler="gcc" />
		<Option virtualFolders="addons/;src/;build config/;addons/ofxNetwork/src/;" />
		<Build>
			<Target title="Debug">
				<Option output="bin/$(PROJECT_NAME)_debug" prefix_auto="1" extension_auto="1" />
				<Option working_dir="bin" />
				<Option object_output="obj/Debug/" />
				<Option external_deps="../../../libs/openFrameworksCompiled/lib/linux64/libopenFrameworksDebug.a;" />
				<Option type="1" />
				<Option compiler="gcc" />
				<Option projectLinkerOptionsRelation="2" />
				<Compiler>
					<Add directory="apps/myApps/stardome/src" />
				</Compiler>
			</Target>
			<Target title="Release">
				<Option output="bin/$(PROJECT_NAME)" prefix_auto="1" extension_auto="1" />
				<Option working_dir="bin" />
				<Option object_output="obj/Release/" />
				<Option external_deps="../../../libs/openFrameworksCompiled/lib/linux64/libopenFrameworks.a;" />
				<Option type="1" />
				<Option compiler="gcc" />
				<Option projectLinkerOptionsRelation="2" />
				<Compiler>
					<Add directory="apps/myApps/stardome/src" />
				</Compiler>
			</Target>
		</Build>
		<Unit filename="../../../addons/ofxNetwork/src/ofxNetwork.h">
			<Option virtualFolder="addons/ofxNetwork/src" />
		</Unit>
		<Unit filename="../../../addons/ofxNetwork/src/ofxNetworkUtils.h">
			<Option virtualFolder="addons/ofxNetwork/src" />
		</Unit>
		<Unit filename="../../../addons/ofxNetwork/src/ofxTCPClient.cpp">
			<Option virtualFolder="addons/ofxNetwork/src" />
		</Unit>
		<Unit filename="../../../addons/ofxNetwork/src/ofxTCPClient.h">
			<Option virtualFolder="addons/ofxNetwork/src" />
		</Unit>
		<Unit filename="../../../addons/ofxNetwork/src/ofxTCPManager.cpp">
			<Option virtualFolder="addons/ofxNetwork/src" />
		</Unit>
		<Unit filename="../../../addons/ofxNetwork/src/ofxTCPManager.h">
			<Option virtualFolder="addons/ofxNetwork/src" />
		</Unit>
		<Unit filename="../../../addons/ofxNetwork/src/ofxTCPServer.cpp">
			<Option virtualFolder="addons/ofxNetwork/src" />
		</Unit>
		<Unit filename="../../../addons/ofxNetwork/src/ofxTCPServer.h">
			<Option virtualFolder="addons/ofxNetwork/src" />
		</Unit>
		<Unit filename="../../../addons/ofxNetwork/src/ofxUDPManager.cpp">
			<Option virtualFolder="addons/ofxNetwork/src" />
		</Unit>
		<Unit filename="../../../addons/ofxNetwork/src/ofxUDPManager.h">
			<Option virtualFolder="addons/ofxNetwork/src" />
		</Unit>
		<Unit filename="bin/data/DocumentRoot/404.html" />
		<Unit filename="bin/data/DocumentRoot/css/bootstrap-theme.css" />
		<Unit filename="bin/data/DocumentRoot/css/bootstrap-theme.min.css" />
		<Unit filename="bin/data/DocumentRoot/css/bootstrap.css" />
		<Unit filename="bin/data/DocumentRoot/css/bootstrap.min.css" />
		<Unit filename="bin/data/DocumentRoot/css/style.css" />
		<Unit filename="bin/data/DocumentRoot/fonts/glyphicons-halflings-regular.eot" />
		<Unit filename="bin/data/DocumentRoot/fonts/glyphicons-halflings-regular.svg" />
		<Unit filename="bin/data/DocumentRoot/fonts/glyphicons-halflings-regular.ttf" />
		<Unit filename="bin/data/DocumentRoot/fonts/glyphicons-halflings-regular.woff" />
		<Unit filename="bin/data/DocumentRoot/img/favicon.ico" />
		<Unit filename="bin/data/DocumentRoot/img/openFrameworks.png" />
		<Unit filename="bin/data/DocumentRoot/index.html" />
		<Unit filename="bin/data/DocumentRoot/js/bootstrap.js" />
		<Unit filename="bin/data/DocumentRoot/js/bootstrap.min.js" />
		<Unit filename="bin/data/DocumentRoot/js/jquery.min.js" />
		<Unit filename="bin/data/DocumentRoot/js/jquery.min.map" />
		<Unit filename="bin/data/DocumentRoot/uploaded.html" />
		<Unit filename="bin/data/media/mime.types" />
		<Unit filename="config.make">
			<Option virtualFolder="build config" />
		</Unit>
		<Unit filename="src/LedMatrix.cpp">
			<Option virtualFolder="src/" />
		</Unit>
		<Unit filename="src/LedMatrix.h">
			<Option virtualFolder="src/" />
		</Unit>
		<Unit filename="src/OpenPixelClient.cpp">
			<Option virtualFolder="src/" />
		</Unit>
		<Unit filename="src/OpenPixelClient.h">
			<Option virtualFolder="src/" />
		</Unit>
		<Unit filename="src/main.cpp">
			<Option virtualFolder="src/" />
		</Unit>
		<Unit filename="src/ofApp.cpp">
			<Option virtualFolder="src/" />
		</Unit>
		<Unit filename="src/ofApp.h">
			<Option virtualFolder="src/" />
		</Unit>
		<Extensions>
			<code_completion />
			<envvars />
			<debugger />
		</Extensions>
	</Project>
</CodeBlocks_project_file>
